
Microsoft Visual Studio Solution File, Format Version 12.00
# Visual Studio 15
VisualStudioVersion = 15.0.28010.2026
MinimumVisualStudioVersion = 10.0.40219.1
Project("{FAE04EC0-301F-11D3-BF4B-00C04F79EFBC}") = "AutoDeskRevitCustomExport", "AutoDeskRevitCustomExport\AutoDeskRevitCustomExport.csproj", "{7FAE4017-55DF-4A28-AAA6-EBB732D2C59E}"
EndProject
Global
	GlobalSection(SolutionConfigurationPlatforms) = preSolution
		Debug|Any CPU = Debug|Any CPU
		Release|Any CPU = Release|Any CPU
	EndGlobalSection
	GlobalSection(ProjectConfigurationPlatforms) = postSolution
		{7FAE4017-55DF-4A28-AAA6-EBB732D2C59E}.Debug|Any CPU.ActiveCfg = Debug|Any CPU
		{7FAE4017-55DF-4A28-AAA6-EBB732D2C59E}.Debug|Any CPU.Build.0 = Debug|Any CPU
		{7FAE4017-55DF-4A28-AAA6-EBB732D2C59E}.Release|Any CPU.ActiveCfg = Release|Any CPU
		{7FAE4017-55DF-4A28-AAA6-EBB732D2C59E}.Release|Any CPU.Build.0 = Release|Any CPU
	EndGlobalSection
	GlobalSection(SolutionProperties) = preSolution
		HideSolutionNode = FALSE
	EndGlobalSection
	GlobalSection(ExtensibilityGlobals) = postSolution
		SolutionGuid = {387AC213-9816-42E6-9594-0BB2CFAA56E4}
	EndGlobalSection
EndGlobal
